Microsoft Visual Studio Solution File, Format Version 12.00
# Visual Studio Version 17
VisualStudioVersion = 17.5.2.0
MinimumVisualStudioVersion = 10.0.40219.1
Project("{FAE04EC0-301F-11D3-BF4B-00C04F79EFBC}") = "EC2_tipian", "EC2_tipian.csproj", "{DC75CB8D-88C1-AB47-6131-050D7F2E1739}"
EndProject
Global
	GlobalSection(SolutionConfigurationPlatforms) = preSolution
		Debug|Any CPU = Debug|Any CPU
		Release|Any CPU = Release|Any CPU
	EndGlobalSection
	GlobalSection(ProjectConfigurationPlatforms) = postSolution
		{DC75CB8D-88C1-AB47-6131-050D7F2E1739}.Debug|Any CPU.ActiveCfg = Debug|Any CPU
		{DC75CB8D-88C1-AB47-6131-050D7F2E1739}.Debug|Any CPU.Build.0 = Debug|Any CPU
		{DC75CB8D-88C1-AB47-6131-050D7F2E1739}.Release|Any CPU.ActiveCfg = Release|Any CPU
		{DC75CB8D-88C1-AB47-6131-050D7F2E1739}.Release|Any CPU.Build.0 = Release|Any CPU
	EndGlobalSection
	GlobalSection(SolutionProperties) = preSolution
		HideSolutionNode = FALSE
	EndGlobalSection
	GlobalSection(ExtensibilityGlobals) = postSolution
		SolutionGuid = {73DB6F11-5481-4945-92F9-ECB741F34DF3}
	EndGlobalSection
EndGlobal
